{
  "version": 4,
  "terraform_version": "1.14.5",
  "serial": 432,
  "lineage": "c0e23e8a-c695-aa20-b47e-50d1b01400bd",
  "outputs": {},
  "resources": [
    {
      "mode": "data",
      "type": "keycloak_openid_client_scope",
      "name": "basic",
      "provider": "provider[\"registry.terraform.io/linz/keycloak\"]",
      "instances": [
        {
          "schema_version": 0,
          "attributes": {
            "consent_screen_text": null,
            "description": "OpenID Connect scope for add all basic claims to the token",
            "gui_order": null,
            "id": "08f12c72-fd6c-4529-9637-07528cac590b",
            "include_in_token_scope": false,
            "name": "basic",
            "realm_id": "master"
          },
          "sensitive_attributes": [],
          "identity_schema_version": 0
        }
      ]
    },
    {
      "mode": "managed",
      "type": "keycloak_group",
      "name": "groups",
      "provider": "provider[\"registry.terraform.io/linz/keycloak\"]",
      "instances": [
        {
          "index_key": "kube-admin",
          "schema_version": 0,
          "attributes": {
            "attributes": null,
            "id": "10bb796e-a9b1-4b03-9959-c9bd65acd800",
            "name": "kube-admin",
            "parent_id": null,
            "path": "/kube-admin",
            "realm_id": "master"
          },
          "sensitive_attributes": [],
          "identity_schema_version": 0,
          "private": "bnVsbA=="
        },
        {
          "index_key": "kube-dev",
          "schema_version": 0,
          "attributes": {
            "attributes": null,
            "id": "02a4fbec-0307-4b56-9433-b5ae0fb91d63",
            "name": "kube-dev",
            "parent_id": null,
            "path": "/kube-dev",
            "realm_id": "master"
          },
          "sensitive_attributes": [],
          "identity_schema_version": 0,
          "private": "bnVsbA=="
        },
        {
          "index_key": "restricted",
          "schema_version": 0,
          "attributes": {
            "attributes": null,
            "id": "a488c690-4d74-4d99-b718-a136d09661ff",
            "name": "restricted",
            "parent_id": null,
            "path": "/restricted",
            "realm_id": "master"
          },
          "sensitive_attributes": [],
          "identity_schema_version": 0,
          "private": "bnVsbA=="
        }
      ]
    },
    {
      "mode": "managed",
      "type": "keycloak_openid_client",
      "name": "kube",
      "provider": "provider[\"registry.terraform.io/linz/keycloak\"]",
      "instances": [
        {
          "schema_version": 0,
          "attributes": {
            "access_token_lifespan": "31536000",
            "access_type": "CONFIDENTIAL",
            "admin_url": "",
            "authentication_flow_binding_overrides": [],
            "authorization": [],
            "backchannel_logout_revoke_offline_sessions": false,
            "backchannel_logout_session_required": true,
            "backchannel_logout_url": "",
            "base_url": "",
            "client_authenticator_type": "client-secret",
            "client_id": "kube",
            "client_offline_session_idle_timeout": "",
            "client_offline_session_max_lifespan": "",
            "client_secret": "kube-client-secret",
            "client_session_idle_timeout": "",
            "client_session_max_lifespan": "",
            "consent_required": false,
            "consent_screen_text": "",
            "description": "",
            "direct_access_grants_enabled": true,
            "display_on_consent_screen": false,
            "enabled": true,
            "exclude_session_state_from_auth_response": null,
            "extra_config": null,
            "frontchannel_logout_enabled": false,
            "frontchannel_logout_url": "",
            "full_scope_allowed": true,
            "id": "83b9e217-fcbb-4e99-bcdf-002a45b542a1",
            "implicit_flow_enabled": false,
            "import": false,
            "login_theme": "",
            "name": "kube",
            "oauth2_device_authorization_grant_enabled": false,
            "oauth2_device_code_lifespan": "",
            "oauth2_device_polling_interval": "",
            "pkce_code_challenge_method": null,
            "realm_id": "master",
            "resource_server_id": null,
            "root_url": "",
            "service_account_user_id": "",
            "service_accounts_enabled": false,
            "standard_flow_enabled": false,
            "use_refresh_tokens": true,
            "use_refresh_tokens_client_credentials": false,
            "valid_post_logout_redirect_uris": [],
            "valid_redirect_uris": [],
            "web_origins": []
          },
          "sensitive_attributes": [
            [
              {
                "type": "get_attr",
                "value": "client_secret"
              }
            ]
          ],
          "identity_schema_version": 0,
          "private": "bnVsbA=="
        }
      ]
    },
    {
      "mode": "managed",
      "type": "keycloak_openid_client",
      "name": "mcp_dynamic_fallback",
      "provider": "provider[\"registry.terraform.io/linz/keycloak\"]",
      "instances": [
        {
          "schema_version": 0,
          "attributes": {
            "access_token_lifespan": "31536000",
            "access_type": "PUBLIC",
            "admin_url": "",
            "authentication_flow_binding_overrides": [],
            "authorization": [],
            "backchannel_logout_revoke_offline_sessions": false,
            "backchannel_logout_session_required": true,
            "backchannel_logout_url": "",
            "base_url": "",
            "client_authenticator_type": "client-secret",
            "client_id": "mcp_gi3APARn2_uHv2oxfJJqq2yZBDV4OyNo",
            "client_offline_session_idle_timeout": "",
            "client_offline_session_max_lifespan": "",
            "client_secret": "",
            "client_session_idle_timeout": "",
            "client_session_max_lifespan": "",
            "consent_required": false,
            "consent_screen_text": "",
            "description": "",
            "direct_access_grants_enabled": false,
            "display_on_consent_screen": false,
            "enabled": true,
            "exclude_session_state_from_auth_response": null,
            "extra_config": null,
            "frontchannel_logout_enabled": false,
            "frontchannel_logout_url": "",
            "full_scope_allowed": true,
            "id": "4b59c780-5f47-4b84-8368-d16e4ec7b5ad",
            "implicit_flow_enabled": false,
            "import": false,
            "login_theme": "",
            "name": "MCP Dynamic Fallback",
            "oauth2_device_authorization_grant_enabled": false,
            "oauth2_device_code_lifespan": "",
            "oauth2_device_polling_interval": "",
            "pkce_code_challenge_method": null,
            "realm_id": "master",
            "resource_server_id": null,
            "root_url": "",
            "service_account_user_id": "",
            "service_accounts_enabled": false,
            "standard_flow_enabled": true,
            "use_refresh_tokens": true,
            "use_refresh_tokens_client_credentials": false,
            "valid_post_logout_redirect_uris": [],
            "valid_redirect_uris": [
              "http://localhost:6274/oauth/callback",
              "http://localhost:6274/oauth/callback/debug"
            ],
            "web_origins": [
              "http://localhost:6274"
            ]
          },
          "sensitive_attributes": [
            [
              {
                "type": "get_attr",
                "value": "client_secret"
              }
            ]
          ],
          "identity_schema_version": 0,
          "private": "bnVsbA=="
        }
      ]
    },
    {
      "mode": "managed",
      "type": "keycloak_openid_client",
      "name": "mcp_inspector",
      "provider": "provider[\"registry.terraform.io/linz/keycloak\"]",
      "instances": [
        {
          "schema_version": 0,
          "attributes": {
            "access_token_lifespan": "31536000",
            "access_type": "PUBLIC",
            "admin_url": "",
            "authentication_flow_binding_overrides": [],
            "authorization": [],
            "backchannel_logout_revoke_offline_sessions": false,
            "backchannel_logout_session_required": true,
            "backchannel_logout_url": "",
            "base_url": "",
            "client_authenticator_type": "client-secret",
            "client_id": "mcp-inspector",
            "client_offline_session_idle_timeout": "",
            "client_offline_session_max_lifespan": "",
            "client_secret": "",
            "client_session_idle_timeout": "",
            "client_session_max_lifespan": "",
            "consent_required": false,
            "consent_screen_text": "",
            "description": "",
            "direct_access_grants_enabled": true,
            "display_on_consent_screen": false,
            "enabled": true,
            "exclude_session_state_from_auth_response": null,
            "extra_config": null,
            "frontchannel_logout_enabled": false,
            "frontchannel_logout_url": "",
            "full_scope_allowed": true,
            "id": "53899780-183c-4121-ad18-e5c4c2e7f529",
            "implicit_flow_enabled": false,
            "import": false,
            "login_theme": "",
            "name": "MCP Inspector",
            "oauth2_device_authorization_grant_enabled": true,
            "oauth2_device_code_lifespan": "",
            "oauth2_device_polling_interval": "",
            "pkce_code_challenge_method": "",
            "realm_id": "master",
            "resource_server_id": null,
            "root_url": "",
            "service_account_user_id": "",
            "service_accounts_enabled": false,
            "standard_flow_enabled": true,
            "use_refresh_tokens": true,
            "use_refresh_tokens_client_credentials": false,
            "valid_post_logout_redirect_uris": [],
            "valid_redirect_uris": [
              "http://localhost:6274/callback",
              "http://localhost:6274/oauth/callback",
              "http://localhost:6274/oauth/callback/debug"
            ],
            "web_origins": [
              "http://localhost:6274"
            ]
          },
          "sensitive_attributes": [
            [
              {
                "type": "get_attr",
                "value": "client_secret"
              }
            ]
          ],
          "identity_schema_version": 0,
          "private": "bnVsbA=="
        }
      ]
    },
    {
      "mode": "managed",
      "type": "keycloak_openid_client_default_scopes",
      "name": "kube",
      "provider": "provider[\"registry.terraform.io/linz/keycloak\"]",
      "instances": [
        {
          "schema_version": 0,
          "attributes": {
            "client_id": "83b9e217-fcbb-4e99-bcdf-002a45b542a1",
            "default_scopes": [
              "email",
              "groups"
            ],
            "id": "master/83b9e217-fcbb-4e99-bcdf-002a45b542a1",
            "realm_id": "master"
          },
          "sensitive_attributes": [],
          "identity_schema_version": 0,
          "private": "bnVsbA==",
          "dependencies": [
            "keycloak_openid_client.kube",
            "keycloak_openid_client_scope.groups"
          ]
        }
      ]
    },
    {
      "mode": "managed",
      "type": "keycloak_openid_client_default_scopes",
      "name": "mcp_dynamic_fallback",
      "provider": "provider[\"registry.terraform.io/linz/keycloak\"]",
      "instances": [
        {
          "schema_version": 0,
          "attributes": {
            "client_id": "4b59c780-5f47-4b84-8368-d16e4ec7b5ad",
            "default_scopes": [
              "email",
              "groups"
            ],
            "id": "master/4b59c780-5f47-4b84-8368-d16e4ec7b5ad",
            "realm_id": "master"
          },
          "sensitive_attributes": [],
          "identity_schema_version": 0,
          "private": "bnVsbA==",
          "dependencies": [
            "keycloak_openid_client.mcp_dynamic_fallback",
            "keycloak_openid_client_scope.groups"
          ]
        }
      ]
    },
    {
      "mode": "managed",
      "type": "keycloak_openid_client_default_scopes",
      "name": "mcp_inspector",
      "provider": "provider[\"registry.terraform.io/linz/keycloak\"]",
      "instances": [
        {
          "schema_version": 0,
          "attributes": {
            "client_id": "53899780-183c-4121-ad18-e5c4c2e7f529",
            "default_scopes": [
              "email",
              "groups"
            ],
            "id": "master/53899780-183c-4121-ad18-e5c4c2e7f529",
            "realm_id": "master"
          },
          "sensitive_attributes": [],
          "identity_schema_version": 0,
          "private": "bnVsbA==",
          "dependencies": [
            "keycloak_openid_client.mcp_inspector",
            "keycloak_openid_client_scope.groups"
          ]
        }
      ]
    },
    {
      "mode": "managed",
      "type": "keycloak_openid_client_scope",
      "name": "groups",
      "provider": "provider[\"registry.terraform.io/linz/keycloak\"]",
      "instances": [
        {
          "schema_version": 0,
          "attributes": {
            "consent_screen_text": null,
            "description": "",
            "gui_order": 1,
            "id": "8355f3d5-2a64-4914-bc32-bddeea42efe3",
            "include_in_token_scope": true,
            "name": "groups",
            "realm_id": "master"
          },
          "sensitive_attributes": [],
          "identity_schema_version": 0,
          "private": "bnVsbA=="
        }
      ]
    },
    {
      "mode": "managed",
      "type": "keycloak_openid_group_membership_protocol_mapper",
      "name": "basic_groups",
      "provider": "provider[\"registry.terraform.io/linz/keycloak\"]",
      "instances": [
        {
          "schema_version": 0,
          "attributes": {
            "add_to_access_token": true,
            "add_to_id_token": true,
            "add_to_userinfo": true,
            "claim_name": "groups",
            "client_id": null,
            "client_scope_id": "08f12c72-fd6c-4529-9637-07528cac590b",
            "full_path": false,
            "id": "581f471f-0a40-4d3a-8081-93b73ca39fce",
            "name": "groups-for-dynamic-clients",
            "realm_id": "master"
          },
          "sensitive_attributes": [],
          "identity_schema_version": 0,
          "private": "bnVsbA==",
          "dependencies": [
            "data.keycloak_openid_client_scope.basic"
          ]
        }
      ]
    },
    {
      "mode": "managed",
      "type": "keycloak_openid_group_membership_protocol_mapper",
      "name": "groups",
      "provider": "provider[\"registry.terraform.io/linz/keycloak\"]",
      "instances": [
        {
          "schema_version": 0,
          "attributes": {
            "add_to_access_token": true,
            "add_to_id_token": true,
            "add_to_userinfo": true,
            "claim_name": "groups",
            "client_id": null,
            "client_scope_id": "8355f3d5-2a64-4914-bc32-bddeea42efe3",
            "full_path": false,
            "id": "72fad9e5-ee67-47e1-bef8-e0dca78f39a9",
            "name": "groups",
            "realm_id": "master"
          },
          "sensitive_attributes": [],
          "identity_schema_version": 0,
          "private": "bnVsbA==",
          "dependencies": [
            "keycloak_openid_client_scope.groups"
          ]
        }
      ]
    },
    {
      "mode": "managed",
      "type": "keycloak_openid_user_property_protocol_mapper",
      "name": "mcp_preferred_username",
      "provider": "provider[\"registry.terraform.io/linz/keycloak\"]",
      "instances": [
        {
          "schema_version": 0,
          "attributes": {
            "add_to_access_token": true,
            "add_to_id_token": true,
            "add_to_userinfo": true,
            "claim_name": "preferred_username",
            "claim_value_type": "String",
            "client_id": "53899780-183c-4121-ad18-e5c4c2e7f529",
            "client_scope_id": null,
            "id": "4555b75d-1d7c-404a-975b-970e691bdcc9",
            "name": "preferred-username",
            "realm_id": "master",
            "user_property": "username"
          },
          "sensitive_attributes": [],
          "identity_schema_version": 0,
          "private": "bnVsbA==",
          "dependencies": [
            "keycloak_openid_client.mcp_inspector"
          ]
        }
      ]
    },
    {
      "mode": "managed",
      "type": "keycloak_user",
      "name": "users",
      "provider": "provider[\"registry.terraform.io/linz/keycloak\"]",
      "instances": [
        {
          "index_key": "alice",
          "schema_version": 0,
          "attributes": {
            "attributes": null,
            "email": "alice@domain.com",
            "email_verified": true,
            "enabled": true,
            "federated_identity": [],
            "first_name": "alice",
            "id": "eb385af9-128c-401b-851a-ec12a618a8fb",
            "initial_password": [
              {
                "temporary": false,
                "value": "alice"
              }
            ],
            "last_name": "alice",
            "realm_id": "master",
            "required_actions": null,
            "username": "alice"
          },
          "sensitive_attributes": [
            [
              {
                "type": "get_attr",
                "value": "initial_password"
              },
              {
                "type": "index",
                "value": {
                  "value": 0,
                  "type": "number"
                }
              },
              {
                "type": "get_attr",
                "value": "value"
              }
            ]
          ],
          "identity_schema_version": 0,
          "private": "bnVsbA=="
        },
        {
          "index_key": "unauthorized-user",
          "schema_version": 0,
          "attributes": {
            "attributes": null,
            "email": "unauthorized-user@domain.com",
            "email_verified": true,
            "enabled": true,
            "federated_identity": [],
            "first_name": "unauthorized-user",
            "id": "f3eb54f0-2ef9-405d-8b69-c1a7355b9657",
            "initial_password": [
              {
                "temporary": false,
                "value": "unauthorized-user"
              }
            ],
            "last_name": "unauthorized-user",
            "realm_id": "master",
            "required_actions": null,
            "username": "unauthorized-user"
          },
          "sensitive_attributes": [
            [
              {
                "type": "get_attr",
                "value": "initial_password"
              },
              {
                "type": "index",
                "value": {
                  "value": 0,
                  "type": "number"
                }
              },
              {
                "type": "get_attr",
                "value": "value"
              }
            ]
          ],
          "identity_schema_version": 0,
          "private": "bnVsbA=="
        },
        {
          "index_key": "user-admin",
          "schema_version": 0,
          "attributes": {
            "attributes": null,
            "email": "user-admin@domain.com",
            "email_verified": true,
            "enabled": true,
            "federated_identity": [],
            "first_name": "user-admin",
            "id": "4a94519d-9b66-40f3-afbf-e9e20196eee0",
            "initial_password": [
              {
                "temporary": false,
                "value": "user-admin"
              }
            ],
            "last_name": "user-admin",
            "realm_id": "master",
            "required_actions": null,
            "username": "user-admin"
          },
          "sensitive_attributes": [
            [
              {
                "type": "get_attr",
                "value": "initial_password"
              },
              {
                "type": "index",
                "value": {
                  "value": 0,
                  "type": "number"
                }
              },
              {
                "type": "get_attr",
                "value": "value"
              }
            ]
          ],
          "identity_schema_version": 0,
          "private": "bnVsbA=="
        },
        {
          "index_key": "user-dev",
          "schema_version": 0,
          "attributes": {
            "attributes": null,
            "email": "user-dev@domain.com",
            "email_verified": true,
            "enabled": true,
            "federated_identity": [],
            "first_name": "user-dev",
            "id": "d07f1ea2-38e8-45e7-94a9-136d127959cc",
            "initial_password": [
              {
                "temporary": false,
                "value": "user-dev"
              }
            ],
            "last_name": "user-dev",
            "realm_id": "master",
            "required_actions": null,
            "username": "user-dev"
          },
          "sensitive_attributes": [
            [
              {
                "type": "get_attr",
                "value": "initial_password"
              },
              {
                "type": "index",
                "value": {
                  "value": 0,
                  "type": "number"
                }
              },
              {
                "type": "get_attr",
                "value": "value"
              }
            ]
          ],
          "identity_schema_version": 0,
          "private": "bnVsbA=="
        }
      ]
    },
    {
      "mode": "managed",
      "type": "keycloak_user_groups",
      "name": "user_groups",
      "provider": "provider[\"registry.terraform.io/linz/keycloak\"]",
      "instances": [
        {
          "index_key": "alice",
          "schema_version": 0,
          "attributes": {
            "exhaustive": true,
            "group_ids": [
              "02a4fbec-0307-4b56-9433-b5ae0fb91d63"
            ],
            "id": "master/eb385af9-128c-401b-851a-ec12a618a8fb",
            "realm_id": "master",
            "user_id": "eb385af9-128c-401b-851a-ec12a618a8fb"
          },
          "sensitive_attributes": [],
          "identity_schema_version": 0,
          "private": "bnVsbA==",
          "dependencies": [
            "keycloak_group.groups",
            "keycloak_user.users"
          ]
        },
        {
          "index_key": "unauthorized-user",
          "schema_version": 0,
          "attributes": {
            "exhaustive": true,
            "group_ids": [
              "a488c690-4d74-4d99-b718-a136d09661ff"
            ],
            "id": "master/f3eb54f0-2ef9-405d-8b69-c1a7355b9657",
            "realm_id": "master",
            "user_id": "f3eb54f0-2ef9-405d-8b69-c1a7355b9657"
          },
          "sensitive_attributes": [],
          "identity_schema_version": 0,
          "private": "bnVsbA==",
          "dependencies": [
            "keycloak_group.groups",
            "keycloak_user.users"
          ]
        },
        {
          "index_key": "user-admin",
          "schema_version": 0,
          "attributes": {
            "exhaustive": true,
            "group_ids": [
              "10bb796e-a9b1-4b03-9959-c9bd65acd800"
            ],
            "id": "master/4a94519d-9b66-40f3-afbf-e9e20196eee0",
            "realm_id": "master",
            "user_id": "4a94519d-9b66-40f3-afbf-e9e20196eee0"
          },
          "sensitive_attributes": [],
          "identity_schema_version": 0,
          "private": "bnVsbA==",
          "dependencies": [
            "keycloak_group.groups",
            "keycloak_user.users"
          ]
        },
        {
          "index_key": "user-dev",
          "schema_version": 0,
          "attributes": {
            "exhaustive": true,
            "group_ids": [
              "02a4fbec-0307-4b56-9433-b5ae0fb91d63"
            ],
            "id": "master/d07f1ea2-38e8-45e7-94a9-136d127959cc",
            "realm_id": "master",
            "user_id": "d07f1ea2-38e8-45e7-94a9-136d127959cc"
          },
          "sensitive_attributes": [],
          "identity_schema_version": 0,
          "private": "bnVsbA==",
          "dependencies": [
            "keycloak_group.groups",
            "keycloak_user.users"
          ]
        }
      ]
    }
  ],
  "check_results": null
}
