{
  "version": 4,
  "terraform_version": "1.14.5",
  "serial": 409,
  "lineage": "c0e23e8a-c695-aa20-b47e-50d1b01400bd",
  "outputs": {},
  "resources": [
    {
      "mode": "data",
      "type": "keycloak_openid_client_scope",
      "name": "basic",
      "provider": "provider[\"registry.terraform.io/linz/keycloak\"]",
      "instances": [
        {
          "schema_version": 0,
          "attributes": {
            "consent_screen_text": null,
            "description": "OpenID Connect scope for add all basic claims to the token",
            "gui_order": null,
            "id": "e7ca49a4-be93-49e1-a356-52a0dff79751",
            "include_in_token_scope": false,
            "name": "basic",
            "realm_id": "master"
          },
          "sensitive_attributes": [],
          "identity_schema_version": 0
        }
      ]
    },
    {
      "mode": "managed",
      "type": "keycloak_group",
      "name": "groups",
      "provider": "provider[\"registry.terraform.io/linz/keycloak\"]",
      "instances": [
        {
          "index_key": "kube-admin",
          "schema_version": 0,
          "attributes": {
            "attributes": null,
            "id": "217c442a-c713-413f-8aa8-fd268705b58f",
            "name": "kube-admin",
            "parent_id": null,
            "path": "/kube-admin",
            "realm_id": "master"
          },
          "sensitive_attributes": [],
          "identity_schema_version": 0,
          "private": "bnVsbA=="
        },
        {
          "index_key": "kube-dev",
          "schema_version": 0,
          "attributes": {
            "attributes": null,
            "id": "70d5299e-89b6-418d-80e5-e06747906862",
            "name": "kube-dev",
            "parent_id": null,
            "path": "/kube-dev",
            "realm_id": "master"
          },
          "sensitive_attributes": [],
          "identity_schema_version": 0,
          "private": "bnVsbA=="
        },
        {
          "index_key": "restricted",
          "schema_version": 0,
          "attributes": {
            "attributes": null,
            "id": "e67fb6e4-4eaf-420c-b10b-ba1f57833051",
            "name": "restricted",
            "parent_id": null,
            "path": "/restricted",
            "realm_id": "master"
          },
          "sensitive_attributes": [],
          "identity_schema_version": 0,
          "private": "bnVsbA=="
        }
      ]
    },
    {
      "mode": "managed",
      "type": "keycloak_openid_client",
      "name": "kube",
      "provider": "provider[\"registry.terraform.io/linz/keycloak\"]",
      "instances": [
        {
          "schema_version": 0,
          "attributes": {
            "access_token_lifespan": "31536000",
            "access_type": "CONFIDENTIAL",
            "admin_url": "",
            "authentication_flow_binding_overrides": [],
            "authorization": [],
            "backchannel_logout_revoke_offline_sessions": false,
            "backchannel_logout_session_required": true,
            "backchannel_logout_url": "",
            "base_url": "",
            "client_authenticator_type": "client-secret",
            "client_id": "kube",
            "client_offline_session_idle_timeout": "",
            "client_offline_session_max_lifespan": "",
            "client_secret": "kube-client-secret",
            "client_session_idle_timeout": "",
            "client_session_max_lifespan": "",
            "consent_required": false,
            "consent_screen_text": "",
            "description": "",
            "direct_access_grants_enabled": true,
            "display_on_consent_screen": false,
            "enabled": true,
            "exclude_session_state_from_auth_response": null,
            "extra_config": null,
            "frontchannel_logout_enabled": false,
            "frontchannel_logout_url": "",
            "full_scope_allowed": true,
            "id": "7efd9abd-e4ce-40d5-bd3b-b6998d163587",
            "implicit_flow_enabled": false,
            "import": false,
            "login_theme": "",
            "name": "kube",
            "oauth2_device_authorization_grant_enabled": false,
            "oauth2_device_code_lifespan": "",
            "oauth2_device_polling_interval": "",
            "pkce_code_challenge_method": null,
            "realm_id": "master",
            "resource_server_id": null,
            "root_url": "",
            "service_account_user_id": "",
            "service_accounts_enabled": false,
            "standard_flow_enabled": false,
            "use_refresh_tokens": true,
            "use_refresh_tokens_client_credentials": false,
            "valid_post_logout_redirect_uris": [],
            "valid_redirect_uris": [],
            "web_origins": []
          },
          "sensitive_attributes": [
            [
              {
                "type": "get_attr",
                "value": "client_secret"
              }
            ]
          ],
          "identity_schema_version": 0,
          "private": "bnVsbA=="
        }
      ]
    },
    {
      "mode": "managed",
      "type": "keycloak_openid_client",
      "name": "mcp_dynamic_fallback",
      "provider": "provider[\"registry.terraform.io/linz/keycloak\"]",
      "instances": [
        {
          "schema_version": 0,
          "attributes": {
            "access_token_lifespan": "31536000",
            "access_type": "PUBLIC",
            "admin_url": "",
            "authentication_flow_binding_overrides": [],
            "authorization": [],
            "backchannel_logout_revoke_offline_sessions": false,
            "backchannel_logout_session_required": true,
            "backchannel_logout_url": "",
            "base_url": "",
            "client_authenticator_type": "client-secret",
            "client_id": "mcp_gi3APARn2_uHv2oxfJJqq2yZBDV4OyNo",
            "client_offline_session_idle_timeout": "",
            "client_offline_session_max_lifespan": "",
            "client_secret": "",
            "client_session_idle_timeout": "",
            "client_session_max_lifespan": "",
            "consent_required": false,
            "consent_screen_text": "",
            "description": "",
            "direct_access_grants_enabled": false,
            "display_on_consent_screen": false,
            "enabled": true,
            "exclude_session_state_from_auth_response": null,
            "extra_config": null,
            "frontchannel_logout_enabled": false,
            "frontchannel_logout_url": "",
            "full_scope_allowed": true,
            "id": "90e1e5fd-e90d-42db-a99e-5a9a87e4007f",
            "implicit_flow_enabled": false,
            "import": false,
            "login_theme": "",
            "name": "MCP Dynamic Fallback",
            "oauth2_device_authorization_grant_enabled": false,
            "oauth2_device_code_lifespan": "",
            "oauth2_device_polling_interval": "",
            "pkce_code_challenge_method": null,
            "realm_id": "master",
            "resource_server_id": null,
            "root_url": "",
            "service_account_user_id": "",
            "service_accounts_enabled": false,
            "standard_flow_enabled": true,
            "use_refresh_tokens": true,
            "use_refresh_tokens_client_credentials": false,
            "valid_post_logout_redirect_uris": [],
            "valid_redirect_uris": [
              "http://localhost:6274/oauth/callback",
              "http://localhost:6274/oauth/callback/debug"
            ],
            "web_origins": [
              "http://localhost:6274"
            ]
          },
          "sensitive_attributes": [
            [
              {
                "type": "get_attr",
                "value": "client_secret"
              }
            ]
          ],
          "identity_schema_version": 0,
          "private": "bnVsbA=="
        }
      ]
    },
    {
      "mode": "managed",
      "type": "keycloak_openid_client",
      "name": "mcp_inspector",
      "provider": "provider[\"registry.terraform.io/linz/keycloak\"]",
      "instances": [
        {
          "schema_version": 0,
          "attributes": {
            "access_token_lifespan": "31536000",
            "access_type": "PUBLIC",
            "admin_url": "",
            "authentication_flow_binding_overrides": [],
            "authorization": [],
            "backchannel_logout_revoke_offline_sessions": false,
            "backchannel_logout_session_required": true,
            "backchannel_logout_url": "",
            "base_url": "",
            "client_authenticator_type": "client-secret",
            "client_id": "mcp-inspector",
            "client_offline_session_idle_timeout": "",
            "client_offline_session_max_lifespan": "",
            "client_secret": "",
            "client_session_idle_timeout": "",
            "client_session_max_lifespan": "",
            "consent_required": false,
            "consent_screen_text": "",
            "description": "",
            "direct_access_grants_enabled": true,
            "display_on_consent_screen": false,
            "enabled": true,
            "exclude_session_state_from_auth_response": null,
            "extra_config": null,
            "frontchannel_logout_enabled": false,
            "frontchannel_logout_url": "",
            "full_scope_allowed": true,
            "id": "72199155-52b1-4b69-8c28-855c11377d88",
            "implicit_flow_enabled": false,
            "import": false,
            "login_theme": "",
            "name": "MCP Inspector",
            "oauth2_device_authorization_grant_enabled": true,
            "oauth2_device_code_lifespan": "",
            "oauth2_device_polling_interval": "",
            "pkce_code_challenge_method": "",
            "realm_id": "master",
            "resource_server_id": null,
            "root_url": "",
            "service_account_user_id": "",
            "service_accounts_enabled": false,
            "standard_flow_enabled": true,
            "use_refresh_tokens": true,
            "use_refresh_tokens_client_credentials": false,
            "valid_post_logout_redirect_uris": [],
            "valid_redirect_uris": [
              "http://localhost:6274/callback",
              "http://localhost:6274/oauth/callback",
              "http://localhost:6274/oauth/callback/debug"
            ],
            "web_origins": [
              "http://localhost:6274"
            ]
          },
          "sensitive_attributes": [
            [
              {
                "type": "get_attr",
                "value": "client_secret"
              }
            ]
          ],
          "identity_schema_version": 0,
          "private": "bnVsbA=="
        }
      ]
    },
    {
      "mode": "managed",
      "type": "keycloak_openid_client_default_scopes",
      "name": "kube",
      "provider": "provider[\"registry.terraform.io/linz/keycloak\"]",
      "instances": [
        {
          "schema_version": 0,
          "attributes": {
            "client_id": "7efd9abd-e4ce-40d5-bd3b-b6998d163587",
            "default_scopes": [
              "email",
              "groups"
            ],
            "id": "master/7efd9abd-e4ce-40d5-bd3b-b6998d163587",
            "realm_id": "master"
          },
          "sensitive_attributes": [],
          "identity_schema_version": 0,
          "private": "bnVsbA==",
          "dependencies": [
            "keycloak_openid_client.kube",
            "keycloak_openid_client_scope.groups"
          ]
        }
      ]
    },
    {
      "mode": "managed",
      "type": "keycloak_openid_client_default_scopes",
      "name": "mcp_dynamic_fallback",
      "provider": "provider[\"registry.terraform.io/linz/keycloak\"]",
      "instances": [
        {
          "schema_version": 0,
          "attributes": {
            "client_id": "90e1e5fd-e90d-42db-a99e-5a9a87e4007f",
            "default_scopes": [
              "email",
              "groups"
            ],
            "id": "master/90e1e5fd-e90d-42db-a99e-5a9a87e4007f",
            "realm_id": "master"
          },
          "sensitive_attributes": [],
          "identity_schema_version": 0,
          "private": "bnVsbA==",
          "dependencies": [
            "keycloak_openid_client.mcp_dynamic_fallback",
            "keycloak_openid_client_scope.groups"
          ]
        }
      ]
    },
    {
      "mode": "managed",
      "type": "keycloak_openid_client_default_scopes",
      "name": "mcp_inspector",
      "provider": "provider[\"registry.terraform.io/linz/keycloak\"]",
      "instances": [
        {
          "schema_version": 0,
          "attributes": {
            "client_id": "72199155-52b1-4b69-8c28-855c11377d88",
            "default_scopes": [
              "email",
              "groups"
            ],
            "id": "master/72199155-52b1-4b69-8c28-855c11377d88",
            "realm_id": "master"
          },
          "sensitive_attributes": [],
          "identity_schema_version": 0,
          "private": "bnVsbA==",
          "dependencies": [
            "keycloak_openid_client.mcp_inspector",
            "keycloak_openid_client_scope.groups"
          ]
        }
      ]
    },
    {
      "mode": "managed",
      "type": "keycloak_openid_client_scope",
      "name": "groups",
      "provider": "provider[\"registry.terraform.io/linz/keycloak\"]",
      "instances": [
        {
          "schema_version": 0,
          "attributes": {
            "consent_screen_text": null,
            "description": "",
            "gui_order": 1,
            "id": "adb3837f-398d-4e6f-9630-cfbb26b1f173",
            "include_in_token_scope": true,
            "name": "groups",
            "realm_id": "master"
          },
          "sensitive_attributes": [],
          "identity_schema_version": 0,
          "private": "bnVsbA=="
        }
      ]
    },
    {
      "mode": "managed",
      "type": "keycloak_openid_group_membership_protocol_mapper",
      "name": "basic_groups",
      "provider": "provider[\"registry.terraform.io/linz/keycloak\"]",
      "instances": [
        {
          "schema_version": 0,
          "attributes": {
            "add_to_access_token": true,
            "add_to_id_token": true,
            "add_to_userinfo": true,
            "claim_name": "groups",
            "client_id": null,
            "client_scope_id": "e7ca49a4-be93-49e1-a356-52a0dff79751",
            "full_path": false,
            "id": "05640cdc-2942-4963-af38-8cdb38c481c6",
            "name": "groups-for-dynamic-clients",
            "realm_id": "master"
          },
          "sensitive_attributes": [],
          "identity_schema_version": 0,
          "private": "bnVsbA==",
          "dependencies": [
            "data.keycloak_openid_client_scope.basic"
          ]
        }
      ]
    },
    {
      "mode": "managed",
      "type": "keycloak_openid_group_membership_protocol_mapper",
      "name": "groups",
      "provider": "provider[\"registry.terraform.io/linz/keycloak\"]",
      "instances": [
        {
          "schema_version": 0,
          "attributes": {
            "add_to_access_token": true,
            "add_to_id_token": true,
            "add_to_userinfo": true,
            "claim_name": "groups",
            "client_id": null,
            "client_scope_id": "adb3837f-398d-4e6f-9630-cfbb26b1f173",
            "full_path": false,
            "id": "9c2d6ce1-7b4b-442a-8a1c-a9b3f5643b14",
            "name": "groups",
            "realm_id": "master"
          },
          "sensitive_attributes": [],
          "identity_schema_version": 0,
          "private": "bnVsbA==",
          "dependencies": [
            "keycloak_openid_client_scope.groups"
          ]
        }
      ]
    },
    {
      "mode": "managed",
      "type": "keycloak_openid_user_property_protocol_mapper",
      "name": "mcp_preferred_username",
      "provider": "provider[\"registry.terraform.io/linz/keycloak\"]",
      "instances": [
        {
          "schema_version": 0,
          "attributes": {
            "add_to_access_token": true,
            "add_to_id_token": true,
            "add_to_userinfo": true,
            "claim_name": "preferred_username",
            "claim_value_type": "String",
            "client_id": "72199155-52b1-4b69-8c28-855c11377d88",
            "client_scope_id": null,
            "id": "5fbc3ce0-658a-48c9-8c14-b681da68c9aa",
            "name": "preferred-username",
            "realm_id": "master",
            "user_property": "username"
          },
          "sensitive_attributes": [],
          "identity_schema_version": 0,
          "private": "bnVsbA==",
          "dependencies": [
            "keycloak_openid_client.mcp_inspector"
          ]
        }
      ]
    },
    {
      "mode": "managed",
      "type": "keycloak_user",
      "name": "users",
      "provider": "provider[\"registry.terraform.io/linz/keycloak\"]",
      "instances": [
        {
          "index_key": "alice",
          "schema_version": 0,
          "attributes": {
            "attributes": null,
            "email": "alice@domain.com",
            "email_verified": true,
            "enabled": true,
            "federated_identity": [],
            "first_name": "alice",
            "id": "1ac9597e-f0d7-43d0-a565-c7f7b05c17b7",
            "initial_password": [
              {
                "temporary": false,
                "value": "alice"
              }
            ],
            "last_name": "alice",
            "realm_id": "master",
            "required_actions": null,
            "username": "alice"
          },
          "sensitive_attributes": [
            [
              {
                "type": "get_attr",
                "value": "initial_password"
              },
              {
                "type": "index",
                "value": {
                  "value": 0,
                  "type": "number"
                }
              },
              {
                "type": "get_attr",
                "value": "value"
              }
            ]
          ],
          "identity_schema_version": 0,
          "private": "bnVsbA=="
        },
        {
          "index_key": "unauthorized-user",
          "schema_version": 0,
          "attributes": {
            "attributes": null,
            "email": "unauthorized-user@domain.com",
            "email_verified": true,
            "enabled": true,
            "federated_identity": [],
            "first_name": "unauthorized-user",
            "id": "2c072621-8418-413c-a653-42ed03e02b6b",
            "initial_password": [
              {
                "temporary": false,
                "value": "unauthorized-user"
              }
            ],
            "last_name": "unauthorized-user",
            "realm_id": "master",
            "required_actions": null,
            "username": "unauthorized-user"
          },
          "sensitive_attributes": [
            [
              {
                "type": "get_attr",
                "value": "initial_password"
              },
              {
                "type": "index",
                "value": {
                  "value": 0,
                  "type": "number"
                }
              },
              {
                "type": "get_attr",
                "value": "value"
              }
            ]
          ],
          "identity_schema_version": 0,
          "private": "bnVsbA=="
        },
        {
          "index_key": "user-admin",
          "schema_version": 0,
          "attributes": {
            "attributes": null,
            "email": "user-admin@domain.com",
            "email_verified": true,
            "enabled": true,
            "federated_identity": [],
            "first_name": "user-admin",
            "id": "e8a10fad-a508-49f2-b17b-00b144ccf094",
            "initial_password": [
              {
                "temporary": false,
                "value": "user-admin"
              }
            ],
            "last_name": "user-admin",
            "realm_id": "master",
            "required_actions": null,
            "username": "user-admin"
          },
          "sensitive_attributes": [
            [
              {
                "type": "get_attr",
                "value": "initial_password"
              },
              {
                "type": "index",
                "value": {
                  "value": 0,
                  "type": "number"
                }
              },
              {
                "type": "get_attr",
                "value": "value"
              }
            ]
          ],
          "identity_schema_version": 0,
          "private": "bnVsbA=="
        },
        {
          "index_key": "user-dev",
          "schema_version": 0,
          "attributes": {
            "attributes": null,
            "email": "user-dev@domain.com",
            "email_verified": true,
            "enabled": true,
            "federated_identity": [],
            "first_name": "user-dev",
            "id": "dd5f4763-d131-4015-a18d-980272326023",
            "initial_password": [
              {
                "temporary": false,
                "value": "user-dev"
              }
            ],
            "last_name": "user-dev",
            "realm_id": "master",
            "required_actions": null,
            "username": "user-dev"
          },
          "sensitive_attributes": [
            [
              {
                "type": "get_attr",
                "value": "initial_password"
              },
              {
                "type": "index",
                "value": {
                  "value": 0,
                  "type": "number"
                }
              },
              {
                "type": "get_attr",
                "value": "value"
              }
            ]
          ],
          "identity_schema_version": 0,
          "private": "bnVsbA=="
        }
      ]
    },
    {
      "mode": "managed",
      "type": "keycloak_user_groups",
      "name": "user_groups",
      "provider": "provider[\"registry.terraform.io/linz/keycloak\"]",
      "instances": [
        {
          "index_key": "alice",
          "schema_version": 0,
          "attributes": {
            "exhaustive": true,
            "group_ids": [
              "70d5299e-89b6-418d-80e5-e06747906862"
            ],
            "id": "master/1ac9597e-f0d7-43d0-a565-c7f7b05c17b7",
            "realm_id": "master",
            "user_id": "1ac9597e-f0d7-43d0-a565-c7f7b05c17b7"
          },
          "sensitive_attributes": [],
          "identity_schema_version": 0,
          "private": "bnVsbA==",
          "dependencies": [
            "keycloak_group.groups",
            "keycloak_user.users"
          ]
        },
        {
          "index_key": "unauthorized-user",
          "schema_version": 0,
          "attributes": {
            "exhaustive": true,
            "group_ids": [
              "e67fb6e4-4eaf-420c-b10b-ba1f57833051"
            ],
            "id": "master/2c072621-8418-413c-a653-42ed03e02b6b",
            "realm_id": "master",
            "user_id": "2c072621-8418-413c-a653-42ed03e02b6b"
          },
          "sensitive_attributes": [],
          "identity_schema_version": 0,
          "private": "bnVsbA==",
          "dependencies": [
            "keycloak_group.groups",
            "keycloak_user.users"
          ]
        },
        {
          "index_key": "user-admin",
          "schema_version": 0,
          "attributes": {
            "exhaustive": true,
            "group_ids": [
              "217c442a-c713-413f-8aa8-fd268705b58f"
            ],
            "id": "master/e8a10fad-a508-49f2-b17b-00b144ccf094",
            "realm_id": "master",
            "user_id": "e8a10fad-a508-49f2-b17b-00b144ccf094"
          },
          "sensitive_attributes": [],
          "identity_schema_version": 0,
          "private": "bnVsbA==",
          "dependencies": [
            "keycloak_group.groups",
            "keycloak_user.users"
          ]
        },
        {
          "index_key": "user-dev",
          "schema_version": 0,
          "attributes": {
            "exhaustive": true,
            "group_ids": [
              "70d5299e-89b6-418d-80e5-e06747906862"
            ],
            "id": "master/dd5f4763-d131-4015-a18d-980272326023",
            "realm_id": "master",
            "user_id": "dd5f4763-d131-4015-a18d-980272326023"
          },
          "sensitive_attributes": [],
          "identity_schema_version": 0,
          "private": "bnVsbA==",
          "dependencies": [
            "keycloak_group.groups",
            "keycloak_user.users"
          ]
        }
      ]
    }
  ],
  "check_results": null
}
